
Microsoft Visual Studio Solution File, Format Version 12.00
# Visual Studio Version 17
VisualStudioVersion = 17.2.32526.322
MinimumVisualStudioVersion = 10.0.40219.1
Project("{FAE04EC0-301F-11D3-BF4B-00C04F79EFBC}") = "IteratorsAndComparators", "Library\IteratorsAndComparators.csproj", "{A35834A5-661F-4E2C-87CB-AEC27C76B7E4}"
EndProject
Global
	GlobalSection(SolutionConfigurationPlatforms) = preSolution
		Debug|Any CPU = Debug|Any CPU
		Release|Any CPU = Release|Any CPU
	EndGlobalSection
	GlobalSection(ProjectConfigurationPlatforms) = postSolution
		{A35834A5-661F-4E2C-87CB-AEC27C76B7E4}.Debug|Any CPU.ActiveCfg = Debug|Any CPU
		{A35834A5-661F-4E2C-87CB-AEC27C76B7E4}.Debug|Any CPU.Build.0 = Debug|Any CPU
		{A35834A5-661F-4E2C-87CB-AEC27C76B7E4}.Release|Any CPU.ActiveCfg = Release|Any CPU
		{A35834A5-661F-4E2C-87CB-AEC27C76B7E4}.Release|Any CPU.Build.0 = Release|Any CPU
	EndGlobalSection
	GlobalSection(SolutionProperties) = preSolution
		HideSolutionNode = FALSE
	EndGlobalSection
	GlobalSection(ExtensibilityGlobals) = postSolution
		SolutionGuid = {EE282D54-3B06-4445-8430-D9A3167BD05C}
	EndGlobalSection
EndGlobal
