
Microsoft Visual Studio Solution File, Format Version 12.00
# Visual Studio Version 17
VisualStudioVersion = 17.2.32526.322
MinimumVisualStudioVersion = 10.0.40219.1
Project("{9A19103F-16F7-4668-BE54-9A1E7A4F7556}") = "SoftUniParking", "SoftUniParking.csproj", "{CC97B407-4B8B-44D9-B00B-5C6A934A400F}"
EndProject
Global
	GlobalSection(SolutionConfigurationPlatforms) = preSolution
		Debug|Any CPU = Debug|Any CPU
		Release|Any CPU = Release|Any CPU
	EndGlobalSection
	GlobalSection(ProjectConfigurationPlatforms) = postSolution
		{CC97B407-4B8B-44D9-B00B-5C6A934A400F}.Debug|Any CPU.ActiveCfg = Debug|Any CPU
		{CC97B407-4B8B-44D9-B00B-5C6A934A400F}.Debug|Any CPU.Build.0 = Debug|Any CPU
		{CC97B407-4B8B-44D9-B00B-5C6A934A400F}.Release|Any CPU.ActiveCfg = Release|Any CPU
		{CC97B407-4B8B-44D9-B00B-5C6A934A400F}.Release|Any CPU.Build.0 = Release|Any CPU
	EndGlobalSection
	GlobalSection(SolutionProperties) = preSolution
		HideSolutionNode = FALSE
	EndGlobalSection
	GlobalSection(ExtensibilityGlobals) = postSolution
		SolutionGuid = {C03BD5C3-30FF-4D91-800E-DBFA0F010B70}
	EndGlobalSection
EndGlobal
